
Microsoft Visual Studio Solution File, Format Version 12.00
# Visual Studio Version 16
VisualStudioVersion = 16.0.31129.286
MinimumVisualStudioVersion = 10.0.40219.1
Project("{9A19103F-16F7-4668-BE54-9A1E7A4F7556}") = "PrintStar", "PrintStar\PrintStar.csproj", "{BB5084E8-0997-4506-9AB1-54C772F46C59}"
EndProject
Project("{2150E333-8FDC-42A3-9474-1A3956D46DE8}") = "Solution Items", "Solution Items", "{C4294BA3-4E66-4A5F-BF1D-891B15A58528}"
EndProject
Global
	GlobalSection(SolutionConfigurationPlatforms) = preSolution
		Debug|Any CPU = Debug|Any CPU
		Release|Any CPU = Release|Any CPU
	EndGlobalSection
	GlobalSection(ProjectConfigurationPlatforms) = postSolution
		{BB5084E8-0997-4506-9AB1-54C772F46C59}.Debug|Any CPU.ActiveCfg = Debug|Any CPU
		{BB5084E8-0997-4506-9AB1-54C772F46C59}.Debug|Any CPU.Build.0 = Debug|Any CPU
		{BB5084E8-0997-4506-9AB1-54C772F46C59}.Release|Any CPU.ActiveCfg = Release|Any CPU
		{BB5084E8-0997-4506-9AB1-54C772F46C59}.Release|Any CPU.Build.0 = Release|Any CPU
	EndGlobalSection
	GlobalSection(SolutionProperties) = preSolution
		HideSolutionNode = FALSE
	EndGlobalSection
	GlobalSection(ExtensibilityGlobals) = postSolution
		SolutionGuid = {690A62DB-7A3B-4716-9068-F876D0DDE89A}
	EndGlobalSection
EndGlobal
