
Microsoft Visual Studio Solution File, Format Version 12.00
# Visual Studio Version 16
VisualStudioVersion = 16.0.31129.286
MinimumVisualStudioVersion = 10.0.40219.1
Project("{FAE04EC0-301F-11D3-BF4B-00C04F79EFBC}") = "Test3", "Test3\Test3.csproj", "{B174AB17-535E-4A68-9B6A-EBFDEDED13B0}"
EndProject
Global
	GlobalSection(SolutionConfigurationPlatforms) = preSolution
		Debug|Any CPU = Debug|Any CPU
		Release|Any CPU = Release|Any CPU
	EndGlobalSection
	GlobalSection(ProjectConfigurationPlatforms) = postSolution
		{B174AB17-535E-4A68-9B6A-EBFDEDED13B0}.Debug|Any CPU.ActiveCfg = Debug|Any CPU
		{B174AB17-535E-4A68-9B6A-EBFDEDED13B0}.Debug|Any CPU.Build.0 = Debug|Any CPU
		{B174AB17-535E-4A68-9B6A-EBFDEDED13B0}.Release|Any CPU.ActiveCfg = Release|Any CPU
		{B174AB17-535E-4A68-9B6A-EBFDEDED13B0}.Release|Any CPU.Build.0 = Release|Any CPU
	EndGlobalSection
	GlobalSection(SolutionProperties) = preSolution
		HideSolutionNode = FALSE
	EndGlobalSection
	GlobalSection(ExtensibilityGlobals) = postSolution
		SolutionGuid = {26D65160-55ED-407E-BC4E-AB932B6F66B5}
	EndGlobalSection
EndGlobal
